
Microsoft Visual Studio Solution File, Format Version 12.00
# Visual Studio Version 17
VisualStudioVersion = 17.6.33829.357
MinimumVisualStudioVersion = 10.0.40219.1
Project("{FAE04EC0-301F-11D3-BF4B-00C04F79EFBC}") = "lab01_KPZ_SvistaniukNazar", "lab01_KPZ_SvistaniukNazar\lab01_KPZ_SvistaniukNazar.csproj", "{721095FA-7E21-4144-A762-E83E13DF181D}"
EndProject
Global
	GlobalSection(SolutionConfigurationPlatforms) = preSolution
		Debug|Any CPU = Debug|Any CPU
		Release|Any CPU = Release|Any CPU
	EndGlobalSection
	GlobalSection(ProjectConfigurationPlatforms) = postSolution
		{721095FA-7E21-4144-A762-E83E13DF181D}.Debug|Any CPU.ActiveCfg = Debug|Any CPU
		{721095FA-7E21-4144-A762-E83E13DF181D}.Debug|Any CPU.Build.0 = Debug|Any CPU
		{721095FA-7E21-4144-A762-E83E13DF181D}.Release|Any CPU.ActiveCfg = Release|Any CPU
		{721095FA-7E21-4144-A762-E83E13DF181D}.Release|Any CPU.Build.0 = Release|Any CPU
	EndGlobalSection
	GlobalSection(SolutionProperties) = preSolution
		HideSolutionNode = FALSE
	EndGlobalSection
	GlobalSection(ExtensibilityGlobals) = postSolution
		SolutionGuid = {158B0A44-3D5D-456E-B656-161EE907B1AA}
	EndGlobalSection
EndGlobal
